// !$*UTF8*$!
{
	archiveVersion = 1;
	classes = {
	};
	objectVersion = 46;
	objects = {

/* Begin PBXBuildFile section */
		CB8CC45D1971490B00DF0104 /* Foundation.framework in Frameworks */ = {isa = PBXBuildFile; fileRef = CB8CC45C1971490B00DF0104 /* Foundation.framework */; };
		CB8CC45F1971490B00DF0104 /* CoreGraphics.framework in Frameworks */ = {isa = PBXBuildFile; fileRef = CB8CC45E1971490B00DF0104 /* CoreGraphics.framework */; };
		CB8CC4611971490B00DF0104 /* UIKit.framework in Frameworks */ = {isa = PBXBuildFile; fileRef = CB8CC4601971490B00DF0104 /* UIKit.framework */; };
		CB8CC4671971490B00DF0104 /* InfoPlist.strings in Resources */ = {isa = PBXBuildFile; fileRef = CB8CC4651971490B00DF0104 /* InfoPlist.strings */; };
		CB8CC4691971490B00DF0104 /* main.m in Sources */ = {isa = PBXBuildFile; fileRef = CB8CC4681971490B00DF0104 /* main.m */; };
		CB8CC46D1971490B00DF0104 /* ScrollerGameAppDelegate.m in Sources */ = {isa = PBXBuildFile; fileRef = CB8CC46C1971490B00DF0104 /* ScrollerGameAppDelegate.m */; };
		CB8CC4701971490B00DF0104 /* Main_iPhone.storyboard in Resources */ = {isa = PBXBuildFile; fileRef = CB8CC46E1971490B00DF0104 /* Main_iPhone.storyboard */; };
		CB8CC4731971490B00DF0104 /* Main_iPad.storyboard in Resources */ = {isa = PBXBuildFile; fileRef = CB8CC4711971490B00DF0104 /* Main_iPad.storyboard */; };
		CB8CC4761971490B00DF0104 /* ScrollerGameViewController.m in Sources */ = {isa = PBXBuildFile; fileRef = CB8CC4751971490B00DF0104 /* ScrollerGameViewController.m */; };
		CB8CC4781971490B00DF0104 /* Images.xcassets in Resources */ = {isa = PBXBuildFile; fileRef = CB8CC4771971490B00DF0104 /* Images.xcassets */; };
		CB8CC47F1971490B00DF0104 /* XCTest.framework in Frameworks */ = {isa = PBXBuildFile; fileRef = CB8CC47E1971490B00DF0104 /* XCTest.framework */; };
		CB8CC4801971490B00DF0104 /* Foundation.framework in Frameworks */ = {isa = PBXBuildFile; fileRef = CB8CC45C1971490B00DF0104 /* Foundation.framework */; };
		CB8CC4811971490B00DF0104 /* UIKit.framework in Frameworks */ = {isa = PBXBuildFile; fileRef = CB8CC4601971490B00DF0104 /* UIKit.framework */; };
		CB8CC4891971490B00DF0104 /* InfoPlist.strings in Resources */ = {isa = PBXBuildFile; fileRef = CB8CC4871971490B00DF0104 /* InfoPlist.strings */; };
		CB8CC48B1971490B00DF0104 /* SkrollerTests.m in Sources */ = {isa = PBXBuildFile; fileRef = CB8CC48A1971490B00DF0104 /* SkrollerTests.m */; };
		CBCEC3561971548C00960425 /* GameActionScene.m in Sources */ = {isa = PBXBuildFile; fileRef = CBCEC3551971548C00960425 /* GameActionScene.m */; };
		CBCEC3581971570A00960425 /* SpriteKit.framework in Frameworks */ = {isa = PBXBuildFile; fileRef = CBCEC3571971570A00960425 /* SpriteKit.framework */; };
		CBCEC36119715EDB00960425 /* running_placeholder_one.png in Resources */ = {isa = PBXBuildFile; fileRef = CBCEC35F19715EDB00960425 /* running_placeholder_one.png */; };
		CBCEC36219715EDB00960425 /* running_placeholder_one_scaled.png in Resources */ = {isa = PBXBuildFile; fileRef = CBCEC36019715EDB00960425 /* running_placeholder_one_scaled.png */; };
		CBCEC365197178D800960425 /* running_placeholder_two.png in Resources */ = {isa = PBXBuildFile; fileRef = CBCEC363197178D800960425 /* running_placeholder_two.png */; };
		CBCEC366197178D800960425 /* running_placeholder_two_scaled.png in Resources */ = {isa = PBXBuildFile; fileRef = CBCEC364197178D800960425 /* running_placeholder_two_scaled.png */; };
/* End PBXBuildFile section */

/* Begin PBXContainerItemProxy section */
		CB8CC4821971490B00DF0104 /* PBXContainerItemProxy */ = {
			isa = PBXContainerItemProxy;
			containerPortal = CB8CC4511971490B00DF0104 /* Project object */;
			proxyType = 1;
			remoteGlobalIDString = CB8CC4581971490B00DF0104;
			remoteInfo = Skroller;
		};
/* End PBXContainerItemProxy section */

/* Begin PBXFileReference section */
		CB8CC4591971490B00DF0104 /* Skroller.app */ = {isa = PBXFileReference; explicitFileType = wrapper.application; includeInIndex = 0; path = Skroller.app; sourceTree = BUILT_PRODUCTS_DIR; };
		CB8CC45C1971490B00DF0104 /* Foundation.framework */ = {isa = PBXFileReference; lastKnownFileType = wrapper.framework; name = Foundation.framework; path = System/Library/Frameworks/Foundation.framework; sourceTree = SDKROOT; };
		CB8CC45E1971490B00DF0104 /* CoreGraphics.framework */ = {isa = PBXFileReference; lastKnownFileType = wrapper.framework; name = CoreGraphics.framework; path = System/Library/Frameworks/CoreGraphics.framework; sourceTree = SDKROOT; };
		CB8CC4601971490B00DF0104 /* UIKit.framework */ = {isa = PBXFileReference; lastKnownFileType = wrapper.framework; name = UIKit.framework; path = System/Library/Frameworks/UIKit.framework; sourceTree = SDKROOT; };
		CB8CC4641971490B00DF0104 /* Skroller-Info.plist */ = {isa = PBXFileReference; lastKnownFileType = text.plist.xml; path = "Skroller-Info.plist"; sourceTree = "<group>"; };
		CB8CC4661971490B00DF0104 /* en */ = {isa = PBXFileReference; lastKnownFileType = text.plist.strings; name = en; path = en.lproj/InfoPlist.strings; sourceTree = "<group>"; };
		CB8CC4681971490B00DF0104 /* main.m */ = {isa = PBXFileReference; lastKnownFileType = sourcecode.c.objc; path = main.m; sourceTree = "<group>"; };
		CB8CC46A1971490B00DF0104 /* Skroller-Prefix.pch */ = {isa = PBXFileReference; lastKnownFileType = sourcecode.c.h; path = "Skroller-Prefix.pch"; sourceTree = "<group>"; };
		CB8CC46B1971490B00DF0104 /* ScrollerGameAppDelegate.h */ = {isa = PBXFileReference; lastKnownFileType = sourcecode.c.h; path = ScrollerGameAppDelegate.h; sourceTree = "<group>"; };
		CB8CC46C1971490B00DF0104 /* ScrollerGameAppDelegate.m */ = {isa = PBXFileReference; lastKnownFileType = sourcecode.c.objc; path = ScrollerGameAppDelegate.m; sourceTree = "<group>"; };
		CB8CC46F1971490B00DF0104 /* Base */ = {isa = PBXFileReference; lastKnownFileType = file.storyboard; name = Base; path = Base.lproj/Main_iPhone.storyboard; sourceTree = "<group>"; };
		CB8CC4721971490B00DF0104 /* Base */ = {isa = PBXFileReference; lastKnownFileType = file.storyboard; name = Base; path = Base.lproj/Main_iPad.storyboard; sourceTree = "<group>"; };
		CB8CC4741971490B00DF0104 /* ScrollerGameViewController.h */ = {isa = PBXFileReference; lastKnownFileType = sourcecode.c.h; path = ScrollerGameViewController.h; sourceTree = "<group>"; };
		CB8CC4751971490B00DF0104 /* ScrollerGameViewController.m */ = {isa = PBXFileReference; lastKnownFileType = sourcecode.c.objc; path = ScrollerGameViewController.m; sourceTree = "<group>"; };
		CB8CC4771971490B00DF0104 /* Images.xcassets */ = {isa = PBXFileReference; lastKnownFileType = folder.assetcatalog; path = Images.xcassets; sourceTree = "<group>"; };
		CB8CC47D1971490B00DF0104 /* SkrollerTests.xctest */ = {isa = PBXFileReference; explicitFileType = wrapper.cfbundle; includeInIndex = 0; path = SkrollerTests.xctest; sourceTree = BUILT_PRODUCTS_DIR; };
		CB8CC47E1971490B00DF0104 /* XCTest.framework */ = {isa = PBXFileReference; lastKnownFileType = wrapper.framework; name = XCTest.framework; path = Library/Frameworks/XCTest.framework; sourceTree = DEVELOPER_DIR; };
		CB8CC4861971490B00DF0104 /* SkrollerTests-Info.plist */ = {isa = PBXFileReference; lastKnownFileType = text.plist.xml; path = "SkrollerTests-Info.plist"; sourceTree = "<group>"; };
		CB8CC4881971490B00DF0104 /* en */ = {isa = PBXFileReference; lastKnownFileType = text.plist.strings; name = en; path = en.lproj/InfoPlist.strings; sourceTree = "<group>"; };
		CB8CC48A1971490B00DF0104 /* SkrollerTests.m */ = {isa = PBXFileReference; lastKnownFileType = sourcecode.c.objc; path = SkrollerTests.m; sourceTree = "<group>"; };
		CBCEC3541971548C00960425 /* GameActionScene.h */ = {isa = PBXFileReference; fileEncoding = 4; lastKnownFileType = sourcecode.c.h; path = GameActionScene.h; sourceTree = "<group>"; };
		CBCEC3551971548C00960425 /* GameActionScene.m */ = {isa = PBXFileReference; fileEncoding = 4; lastKnownFileType = sourcecode.c.objc; path = GameActionScene.m; sourceTree = "<group>"; };
		CBCEC3571971570A00960425 /* SpriteKit.framework */ = {isa = PBXFileReference; lastKnownFileType = wrapper.framework; name = SpriteKit.framework; path = System/Library/Frameworks/SpriteKit.framework; sourceTree = SDKROOT; };
		CBCEC35F19715EDB00960425 /* running_placeholder_one.png */ = {isa = PBXFileReference; lastKnownFileType = image.png; path = running_placeholder_one.png; sourceTree = "<group>"; };
		CBCEC36019715EDB00960425 /* running_placeholder_one_scaled.png */ = {isa = PBXFileReference; lastKnownFileType = image.png; path = running_placeholder_one_scaled.png; sourceTree = "<group>"; };
		CBCEC363197178D800960425 /* running_placeholder_two.png */ = {isa = PBXFileReference; lastKnownFileType = image.png; path = running_placeholder_two.png; sourceTree = "<group>"; };
		CBCEC364197178D800960425 /* running_placeholder_two_scaled.png */ = {isa = PBXFileReference; lastKnownFileType = image.png; path = running_placeholder_two_scaled.png; sourceTree = "<group>"; };
/* End PBXFileReference section */

/* Begin PBXFrameworksBuildPhase section */
		CB8CC4561971490B00DF0104 /* Frameworks */ = {
			isa = PBXFrameworksBuildPhase;
			buildActionMask = 2147483647;
			files = (
				CBCEC3581971570A00960425 /* SpriteKit.framework in Frameworks */,
				CB8CC45F1971490B00DF0104 /* CoreGraphics.framework in Frameworks */,
				CB8CC4611971490B00DF0104 /* UIKit.framework in Frameworks */,
				CB8CC45D1971490B00DF0104 /* Foundation.framework in Frameworks */,
			);
			runOnlyForDeploymentPostprocessing = 0;
		};
		CB8CC47A1971490B00DF0104 /* Frameworks */ = {
			isa = PBXFrameworksBuildPhase;
			buildActionMask = 2147483647;
			files = (
				CB8CC47F1971490B00DF0104 /* XCTest.framework in Frameworks */,
				CB8CC4811971490B00DF0104 /* UIKit.framework in Frameworks */,
				CB8CC4801971490B00DF0104 /* Foundation.framework in Frameworks */,
			);
			runOnlyForDeploymentPostprocessing = 0;
		};
/* End PBXFrameworksBuildPhase section */

/* Begin PBXGroup section */
		CB8CC4501971490B00DF0104 = {
			isa = PBXGroup;
			children = (
				CB8CC4621971490B00DF0104 /* Skroller */,
				CB8CC4841971490B00DF0104 /* SkrollerTests */,
				CB8CC45B1971490B00DF0104 /* Frameworks */,
				CB8CC45A1971490B00DF0104 /* Products */,
			);
			sourceTree = "<group>";
		};
		CB8CC45A1971490B00DF0104 /* Products */ = {
			isa = PBXGroup;
			children = (
				CB8CC4591971490B00DF0104 /* Skroller.app */,
				CB8CC47D1971490B00DF0104 /* SkrollerTests.xctest */,
			);
			name = Products;
			sourceTree = "<group>";
		};
		CB8CC45B1971490B00DF0104 /* Frameworks */ = {
			isa = PBXGroup;
			children = (
				CBCEC3571971570A00960425 /* SpriteKit.framework */,
				CB8CC45C1971490B00DF0104 /* Foundation.framework */,
				CB8CC45E1971490B00DF0104 /* CoreGraphics.framework */,
				CB8CC4601971490B00DF0104 /* UIKit.framework */,
				CB8CC47E1971490B00DF0104 /* XCTest.framework */,
			);
			name = Frameworks;
			sourceTree = "<group>";
		};
		CB8CC4621971490B00DF0104 /* Skroller */ = {
			isa = PBXGroup;
			children = (
				CB8CC46B1971490B00DF0104 /* ScrollerGameAppDelegate.h */,
				CB8CC46C1971490B00DF0104 /* ScrollerGameAppDelegate.m */,
				CB8CC46E1971490B00DF0104 /* Main_iPhone.storyboard */,
				CB8CC4711971490B00DF0104 /* Main_iPad.storyboard */,
				CB8CC4741971490B00DF0104 /* ScrollerGameViewController.h */,
				CB8CC4751971490B00DF0104 /* ScrollerGameViewController.m */,
				CBCEC3541971548C00960425 /* GameActionScene.h */,
				CBCEC3551971548C00960425 /* GameActionScene.m */,
				CB8CC4771971490B00DF0104 /* Images.xcassets */,
				CB8CC4631971490B00DF0104 /* Supporting Files */,
			);
			path = Skroller;
			sourceTree = "<group>";
		};
		CB8CC4631971490B00DF0104 /* Supporting Files */ = {
			isa = PBXGroup;
			children = (
				CBCEC35D19715EDA00960425 /* assets */,
				CB8CC4641971490B00DF0104 /* Skroller-Info.plist */,
				CB8CC4651971490B00DF0104 /* InfoPlist.strings */,
				CB8CC4681971490B00DF0104 /* main.m */,
				CB8CC46A1971490B00DF0104 /* Skroller-Prefix.pch */,
			);
			name = "Supporting Files";
			sourceTree = "<group>";
		};
		CB8CC4841971490B00DF0104 /* SkrollerTests */ = {
			isa = PBXGroup;
			children = (
				CB8CC48A1971490B00DF0104 /* SkrollerTests.m */,
				CB8CC4851971490B00DF0104 /* Supporting Files */,
			);
			path = SkrollerTests;
			sourceTree = "<group>";
		};
		CB8CC4851971490B00DF0104 /* Supporting Files */ = {
			isa = PBXGroup;
			children = (
				CB8CC4861971490B00DF0104 /* SkrollerTests-Info.plist */,
				CB8CC4871971490B00DF0104 /* InfoPlist.strings */,
			);
			name = "Supporting Files";
			sourceTree = "<group>";
		};
		CBCEC35D19715EDA00960425 /* assets */ = {
			isa = PBXGroup;
			children = (
				CBCEC35E19715EDB00960425 /* sprites */,
			);
			path = assets;
			sourceTree = "<group>";
		};
		CBCEC35E19715EDB00960425 /* sprites */ = {
			isa = PBXGroup;
			children = (
				CBCEC363197178D800960425 /* running_placeholder_two.png */,
				CBCEC364197178D800960425 /* running_placeholder_two_scaled.png */,
				CBCEC35F19715EDB00960425 /* running_placeholder_one.png */,
				CBCEC36019715EDB00960425 /* running_placeholder_one_scaled.png */,
			);
			path = sprites;
			sourceTree = "<group>";
		};
/* End PBXGroup section */

/* Begin PBXNativeTarget section */
		CB8CC4581971490B00DF0104 /* Skroller */ = {
			isa = PBXNativeTarget;
			buildConfigurationList = CB8CC48E1971490B00DF0104 /* Build configuration list for PBXNativeTarget "Skroller" */;
			buildPhases = (
				CB8CC4551971490B00DF0104 /* Sources */,
				CB8CC4561971490B00DF0104 /* Frameworks */,
				CB8CC4571971490B00DF0104 /* Resources */,
			);
			buildRules = (
			);
			dependencies = (
			);
			name = Skroller;
			productName = Skroller;
			productReference = CB8CC4591971490B00DF0104 /* Skroller.app */;
			productType = "com.apple.product-type.application";
		};
		CB8CC47C1971490B00DF0104 /* SkrollerTests */ = {
			isa = PBXNativeTarget;
			buildConfigurationList = CB8CC4911971490B00DF0104 /* Build configuration list for PBXNativeTarget "SkrollerTests" */;
			buildPhases = (
				CB8CC4791971490B00DF0104 /* Sources */,
				CB8CC47A1971490B00DF0104 /* Frameworks */,
				CB8CC47B1971490B00DF0104 /* Resources */,
			);
			buildRules = (
			);
			dependencies = (
				CB8CC4831971490B00DF0104 /* PBXTargetDependency */,
			);
			name = SkrollerTests;
			productName = SkrollerTests;
			productReference = CB8CC47D1971490B00DF0104 /* SkrollerTests.xctest */;
			productType = "com.apple.product-type.bundle.unit-test";
		};
/* End PBXNativeTarget section */

/* Begin PBXProject section */
		CB8CC4511971490B00DF0104 /* Project object */ = {
			isa = PBXProject;
			attributes = {
				CLASSPREFIX = ScrollerGame;
				LastUpgradeCheck = 0510;
				ORGANIZATIONNAME = "com.mike-dev";
				TargetAttributes = {
					CB8CC47C1971490B00DF0104 = {
						TestTargetID = CB8CC4581971490B00DF0104;
					};
				};
			};
			buildConfigurationList = CB8CC4541971490B00DF0104 /* Build configuration list for PBXProject "Skroller" */;
			compatibilityVersion = "Xcode 3.2";
			developmentRegion = English;
			hasScannedForEncodings = 0;
			knownRegions = (
				en,
				Base,
			);
			mainGroup = CB8CC4501971490B00DF0104;
			productRefGroup = CB8CC45A1971490B00DF0104 /* Products */;
			projectDirPath = "";
			projectRoot = "";
			targets = (
				CB8CC4581971490B00DF0104 /* Skroller */,
				CB8CC47C1971490B00DF0104 /* SkrollerTests */,
			);
		};
/* End PBXProject section */

/* Begin PBXResourcesBuildPhase section */
		CB8CC4571971490B00DF0104 /* Resources */ = {
			isa = PBXResourcesBuildPhase;
			buildActionMask = 2147483647;
			files = (
				CBCEC365197178D800960425 /* running_placeholder_two.png in Resources */,
				CB8CC4731971490B00DF0104 /* Main_iPad.storyboard in Resources */,
				CB8CC4781971490B00DF0104 /* Images.xcassets in Resources */,
				CB8CC4701971490B00DF0104 /* Main_iPhone.storyboard in Resources */,
				CBCEC366197178D800960425 /* running_placeholder_two_scaled.png in Resources */,
				CB8CC4671971490B00DF0104 /* InfoPlist.strings in Resources */,
				CBCEC36219715EDB00960425 /* running_placeholder_one_scaled.png in Resources */,
				CBCEC36119715EDB00960425 /* running_placeholder_one.png in Resources */,
			);
			runOnlyForDeploymentPostprocessing = 0;
		};
		CB8CC47B1971490B00DF0104 /* Resources */ = {
			isa = PBXResourcesBuildPhase;
			buildActionMask = 2147483647;
			files = (
				CB8CC4891971490B00DF0104 /* InfoPlist.strings in Resources */,
			);
			runOnlyForDeploymentPostprocessing = 0;
		};
/* End PBXResourcesBuildPhase section */

/* Begin PBXSourcesBuildPhase section */
		CB8CC4551971490B00DF0104 /* Sources */ = {
			isa = PBXSourcesBuildPhase;
			buildActionMask = 2147483647;
			files = (
				CB8CC46D1971490B00DF0104 /* ScrollerGameAppDelegate.m in Sources */,
				CB8CC4761971490B00DF0104 /* ScrollerGameViewController.m in Sources */,
				CBCEC3561971548C00960425 /* GameActionScene.m in Sources */,
				CB8CC4691971490B00DF0104 /* main.m in Sources */,
			);
			runOnlyForDeploymentPostprocessing = 0;
		};
		CB8CC4791971490B00DF0104 /* Sources */ = {
			isa = PBXSourcesBuildPhase;
			buildActionMask = 2147483647;
			files = (
				CB8CC48B1971490B00DF0104 /* SkrollerTests.m in Sources */,
			);
			runOnlyForDeploymentPostprocessing = 0;
		};
/* End PBXSourcesBuildPhase section */

/* Begin PBXTargetDependency section */
		CB8CC4831971490B00DF0104 /* PBXTargetDependency */ = {
			isa = PBXTargetDependency;
			target = CB8CC4581971490B00DF0104 /* Skroller */;
			targetProxy = CB8CC4821971490B00DF0104 /* PBXContainerItemProxy */;
		};
/* End PBXTargetDependency section */

/* Begin PBXVariantGroup section */
		CB8CC4651971490B00DF0104 /* InfoPlist.strings */ = {
			isa = PBXVariantGroup;
			children = (
				CB8CC4661971490B00DF0104 /* en */,
			);
			name = InfoPlist.strings;
			sourceTree = "<group>";
		};
		CB8CC46E1971490B00DF0104 /* Main_iPhone.storyboard */ = {
			isa = PBXVariantGroup;
			children = (
				CB8CC46F1971490B00DF0104 /* Base */,
			);
			name = Main_iPhone.storyboard;
			sourceTree = "<group>";
		};
		CB8CC4711971490B00DF0104 /* Main_iPad.storyboard */ = {
			isa = PBXVariantGroup;
			children = (
				CB8CC4721971490B00DF0104 /* Base */,
			);
			name = Main_iPad.storyboard;
			sourceTree = "<group>";
		};
		CB8CC4871971490B00DF0104 /* InfoPlist.strings */ = {
			isa = PBXVariantGroup;
			children = (
				CB8CC4881971490B00DF0104 /* en */,
			);
			name = InfoPlist.strings;
			sourceTree = "<group>";
		};
/* End PBXVariantGroup section */

/* Begin XCBuildConfiguration section */
		CB8CC48C1971490B00DF0104 /* Debug */ = {
			isa = XCBuildConfiguration;
			buildSettings = {
				ALWAYS_SEARCH_USER_PATHS = NO;
				CLANG_CXX_LANGUAGE_STANDARD = "gnu++0x";
				CLANG_CXX_LIBRARY = "libc++";
				CLANG_ENABLE_MODULES = YES;
				CLANG_ENABLE_OBJC_ARC = YES;
				CLANG_WARN_BOOL_CONVERSION = YES;
				CLANG_WARN_CONSTANT_CONVERSION = YES;
				CLANG_WARN_DIRECT_OBJC_ISA_USAGE = YES_ERROR;
				CLANG_WARN_EMPTY_BODY = YES;
				CLANG_WARN_ENUM_CONVERSION = YES;
				CLANG_WARN_INT_CONVERSION = YES;
				CLANG_WARN_OBJC_ROOT_CLASS = YES_ERROR;
				CLANG_WARN__DUPLICATE_METHOD_MATCH = YES;
				"CODE_SIGN_IDENTITY[sdk=iphoneos*]" = "iPhone Developer";
				COPY_PHASE_STRIP = NO;
				GCC_C_LANGUAGE_STANDARD = gnu99;
				GCC_DYNAMIC_NO_PIC = NO;
				GCC_OPTIMIZATION_LEVEL = 0;
				GCC_PREPROCESSOR_DEFINITIONS = (
					"DEBUG=1",
					"$(inherited)",
				);
				GCC_SYMBOLS_PRIVATE_EXTERN = NO;
				GCC_WARN_64_TO_32_BIT_CONVERSION = YES;
				GCC_WARN_ABOUT_RETURN_TYPE = YES_ERROR;
				GCC_WARN_UNDECLARED_SELECTOR = YES;
				GCC_WARN_UNINITIALIZED_AUTOS = YES_AGGRESSIVE;
				GCC_WARN_UNUSED_FUNCTION = YES;
				GCC_WARN_UNUSED_VARIABLE = YES;
				IPHONEOS_DEPLOYMENT_TARGET = 7.1;
				ONLY_ACTIVE_ARCH = YES;
				SDKROOT = iphoneos;
				TARGETED_DEVICE_FAMILY = "1,2";
			};
			name = Debug;
		};
		CB8CC48D1971490B00DF0104 /* Release */ = {
			isa = XCBuildConfiguration;
			buildSettings = {
				ALWAYS_SEARCH_USER_PATHS = NO;
				CLANG_CXX_LANGUAGE_STANDARD = "gnu++0x";
				CLANG_CXX_LIBRARY = "libc++";
				CLANG_ENABLE_MODULES = YES;
				CLANG_ENABLE_OBJC_ARC = YES;
				CLANG_WARN_BOOL_CONVERSION = YES;
				CLANG_WARN_CONSTANT_CONVERSION = YES;
				CLANG_WARN_DIRECT_OBJC_ISA_USAGE = YES_ERROR;
				CLANG_WARN_EMPTY_BODY = YES;
				CLANG_WARN_ENUM_CONVERSION = YES;
				CLANG_WARN_INT_CONVERSION = YES;
				CLANG_WARN_OBJC_ROOT_CLASS = YES_ERROR;
				CLANG_WARN__DUPLICATE_METHOD_MATCH = YES;
				"CODE_SIGN_IDENTITY[sdk=iphoneos*]" = "iPhone Developer";
				COPY_PHASE_STRIP = YES;
				ENABLE_NS_ASSERTIONS = NO;
				GCC_C_LANGUAGE_STANDARD = gnu99;
				GCC_WARN_64_TO_32_BIT_CONVERSION = YES;
				GCC_WARN_ABOUT_RETURN_TYPE = YES_ERROR;
				GCC_WARN_UNDECLARED_SELECTOR = YES;
				GCC_WARN_UNINITIALIZED_AUTOS = YES_AGGRESSIVE;
				GCC_WARN_UNUSED_FUNCTION = YES;
				GCC_WARN_UNUSED_VARIABLE = YES;
				IPHONEOS_DEPLOYMENT_TARGET = 7.1;
				SDKROOT = iphoneos;
				TARGETED_DEVICE_FAMILY = "1,2";
				VALIDATE_PRODUCT = YES;
			};
			name = Release;
		};
		CB8CC48F1971490B00DF0104 /* Debug */ = {
			isa = XCBuildConfiguration;
			buildSettings = {
				ASSETCATALOG_COMPILER_APPICON_NAME = AppIcon;
				ASSETCATALOG_COMPILER_LAUNCHIMAGE_NAME = LaunchImage;
				GCC_PRECOMPILE_PREFIX_HEADER = YES;
				GCC_PREFIX_HEADER = "Skroller/Skroller-Prefix.pch";
				INFOPLIST_FILE = "Skroller/Skroller-Info.plist";
				PRODUCT_NAME = "$(TARGET_NAME)";
				WRAPPER_EXTENSION = app;
			};
			name = Debug;
		};
		CB8CC4901971490B00DF0104 /* Release */ = {
			isa = XCBuildConfiguration;
			buildSettings = {
				ASSETCATALOG_COMPILER_APPICON_NAME = AppIcon;
				ASSETCATALOG_COMPILER_LAUNCHIMAGE_NAME = LaunchImage;
				GCC_PRECOMPILE_PREFIX_HEADER = YES;
				GCC_PREFIX_HEADER = "Skroller/Skroller-Prefix.pch";
				INFOPLIST_FILE = "Skroller/Skroller-Info.plist";
				PRODUCT_NAME = "$(TARGET_NAME)";
				WRAPPER_EXTENSION = app;
			};
			name = Release;
		};
		CB8CC4921971490B00DF0104 /* Debug */ = {
			isa = XCBuildConfiguration;
			buildSettings = {
				BUNDLE_LOADER = "$(BUILT_PRODUCTS_DIR)/Skroller.app/Skroller";
				FRAMEWORK_SEARCH_PATHS = (
					"$(SDKROOT)/Developer/Library/Frameworks",
					"$(inherited)",
					"$(DEVELOPER_FRAMEWORKS_DIR)",
				);
				GCC_PRECOMPILE_PREFIX_HEADER = YES;
				GCC_PREFIX_HEADER = "Skroller/Skroller-Prefix.pch";
				GCC_PREPROCESSOR_DEFINITIONS = (
					"DEBUG=1",
					"$(inherited)",
				);
				INFOPLIST_FILE = "SkrollerTests/SkrollerTests-Info.plist";
				PRODUCT_NAME = "$(TARGET_NAME)";
				TEST_HOST = "$(BUNDLE_LOADER)";
				WRAPPER_EXTENSION = xctest;
			};
			name = Debug;
		};
		CB8CC4931971490B00DF0104 /* Release */ = {
			isa = XCBuildConfiguration;
			buildSettings = {
				BUNDLE_LOADER = "$(BUILT_PRODUCTS_DIR)/Skroller.app/Skroller";
				FRAMEWORK_SEARCH_PATHS = (
					"$(SDKROOT)/Developer/Library/Frameworks",
					"$(inherited)",
					"$(DEVELOPER_FRAMEWORKS_DIR)",
				);
				GCC_PRECOMPILE_PREFIX_HEADER = YES;
				GCC_PREFIX_HEADER = "Skroller/Skroller-Prefix.pch";
				INFOPLIST_FILE = "SkrollerTests/SkrollerTests-Info.plist";
				PRODUCT_NAME = "$(TARGET_NAME)";
				TEST_HOST = "$(BUNDLE_LOADER)";
				WRAPPER_EXTENSION = xctest;
			};
			name = Release;
		};
/* End XCBuildConfiguration section */

/* Begin XCConfigurationList section */
		CB8CC4541971490B00DF0104 /* Build configuration list for PBXProject "Skroller" */ = {
			isa = XCConfigurationList;
			buildConfigurations = (
				CB8CC48C1971490B00DF0104 /* Debug */,
				CB8CC48D1971490B00DF0104 /* Release */,
			);
			defaultConfigurationIsVisible = 0;
			defaultConfigurationName = Release;
		};
		CB8CC48E1971490B00DF0104 /* Build configuration list for PBXNativeTarget "Skroller" */ = {
			isa = XCConfigurationList;
			buildConfigurations = (
				CB8CC48F1971490B00DF0104 /* Debug */,
				CB8CC4901971490B00DF0104 /* Release */,
			);
			defaultConfigurationIsVisible = 0;
			defaultConfigurationName = Release;
		};
		CB8CC4911971490B00DF0104 /* Build configuration list for PBXNativeTarget "SkrollerTests" */ = {
			isa = XCConfigurationList;
			buildConfigurations = (
				CB8CC4921971490B00DF0104 /* Debug */,
				CB8CC4931971490B00DF0104 /* Release */,
			);
			defaultConfigurationIsVisible = 0;
			defaultConfigurationName = Release;
		};
/* End XCConfigurationList section */
	};
	rootObject = CB8CC4511971490B00DF0104 /* Project object */;
}
